
Microsoft Visual Studio Solution File, Format Version 12.00
# Visual Studio 15
VisualStudioVersion = 15.0.27703.2035
MinimumVisualStudioVersion = 10.0.40219.1
Project("{FAE04EC0-301F-11D3-BF4B-00C04F79EFBC}") = "ConsultaCepRest.Android", "ConsultaCepRest\ConsultaCepRest.Android\ConsultaCepRest.Android.csproj", "{363CB2E0-9384-4732-ADF5-7FA2747747C6}"
EndProject
Project("{FAE04EC0-301F-11D3-BF4B-00C04F79EFBC}") = "ConsultaCepRest.iOS", "ConsultaCepRest\ConsultaCepRest.iOS\ConsultaCepRest.iOS.csproj", "{42BB4CB5-FB47-4D44-804E-752DB7FEF99E}"
EndProject
Project("{FAE04EC0-301F-11D3-BF4B-00C04F79EFBC}") = "ConsultaCepRest.UWP", "ConsultaCepRest\ConsultaCepRest.UWP\ConsultaCepRest.UWP.csproj", "{F853AEEC-E107-40EA-BE10-C8785BE61659}"
EndProject
Project("{FAE04EC0-301F-11D3-BF4B-00C04F79EFBC}") = "ConsultaCepRest", "ConsultaCepRest\ConsultaCepRest\ConsultaCepRest.csproj", "{EB6923BA-02A6-4B56-9EB6-EFCB65C55A7D}"
EndProject
Global
	GlobalSection(SolutionConfigurationPlatforms) = preSolution
		Ad-Hoc|Any CPU = Ad-Hoc|Any CPU
		Ad-Hoc|ARM = Ad-Hoc|ARM
		Ad-Hoc|iPhone = Ad-Hoc|iPhone
		Ad-Hoc|iPhoneSimulator = Ad-Hoc|iPhoneSimulator
		Ad-Hoc|x64 = Ad-Hoc|x64
		Ad-Hoc|x86 = Ad-Hoc|x86
		AppStore|Any CPU = AppStore|Any CPU
		AppStore|ARM = AppStore|ARM
		AppStore|iPhone = AppStore|iPhone
		AppStore|iPhoneSimulator = AppStore|iPhoneSimulator
		AppStore|x64 = AppStore|x64
		AppStore|x86 = AppStore|x86
		Debug|Any CPU = Debug|Any CPU
		Debug|ARM = Debug|ARM
		Debug|iPhone = Debug|iPhone
		Debug|iPhoneSimulator = Debug|iPhoneSimulator
		Debug|x64 = Debug|x64
		Debug|x86 = Debug|x86
		Release|Any CPU = Release|Any CPU
		Release|ARM = Release|ARM
		Release|iPhone = Release|iPhone
		Release|iPhoneSimulator = Release|iPhoneSimulator
		Release|x64 = Release|x64
		Release|x86 = Release|x86
	EndGlobalSection
	GlobalSection(ProjectConfigurationPlatforms) = postSolution
		{363CB2E0-9384-4732-ADF5-7FA2747747C6}.Ad-Hoc|Any CPU.ActiveCfg = Release|Any CPU
		{363CB2E0-9384-4732-ADF5-7FA2747747C6}.Ad-Hoc|Any CPU.Build.0 = Release|Any CPU
		{363CB2E0-9384-4732-ADF5-7FA2747747C6}.Ad-Hoc|Any CPU.Deploy.0 = Release|Any CPU
		{363CB2E0-9384-4732-ADF5-7FA2747747C6}.Ad-Hoc|ARM.ActiveCfg = Release|Any CPU
		{363CB2E0-9384-4732-ADF5-7FA2747747C6}.Ad-Hoc|ARM.Build.0 = Release|Any CPU
		{363CB2E0-9384-4732-ADF5-7FA2747747C6}.Ad-Hoc|ARM.Deploy.0 = Release|Any CPU
		{363CB2E0-9384-4732-ADF5-7FA2747747C6}.Ad-Hoc|iPhone.ActiveCfg = Release|Any CPU
		{363CB2E0-9384-4732-ADF5-7FA2747747C6}.Ad-Hoc|iPhone.Build.0 = Release|Any CPU
		{363CB2E0-9384-4732-ADF5-7FA2747747C6}.Ad-Hoc|iPhone.Deploy.0 = Release|Any CPU
		{363CB2E0-9384-4732-ADF5-7FA2747747C6}.Ad-Hoc|iPhoneSimulator.ActiveCfg = Release|Any CPU
		{363CB2E0-9384-4732-ADF5-7FA2747747C6}.Ad-Hoc|iPhoneSimulator.Build.0 = Release|Any CPU
		{363CB2E0-9384-4732-ADF5-7FA2747747C6}.Ad-Hoc|iPhoneSimulator.Deploy.0 = Release|Any CPU
		{363CB2E0-9384-4732-ADF5-7FA2747747C6}.Ad-Hoc|x64.ActiveCfg = Release|Any CPU
		{363CB2E0-9384-4732-ADF5-7FA2747747C6}.Ad-Hoc|x64.Build.0 = Release|Any CPU
		{363CB2E0-9384-4732-ADF5-7FA2747747C6}.Ad-Hoc|x64.Deploy.0 = Release|Any CPU
		{363CB2E0-9384-4732-ADF5-7FA2747747C6}.Ad-Hoc|x86.ActiveCfg = Release|Any CPU
		{363CB2E0-9384-4732-ADF5-7FA2747747C6}.Ad-Hoc|x86.Build.0 = Release|Any CPU
		{363CB2E0-9384-4732-ADF5-7FA2747747C6}.Ad-Hoc|x86.Deploy.0 = Release|Any CPU
		{363CB2E0-9384-4732-ADF5-7FA2747747C6}.AppStore|Any CPU.ActiveCfg = Release|Any CPU
		{363CB2E0-9384-4732-ADF5-7FA2747747C6}.AppStore|Any CPU.Build.0 = Release|Any CPU
		{363CB2E0-9384-4732-ADF5-7FA2747747C6}.AppStore|Any CPU.Deploy.0 = Release|Any CPU
		{363CB2E0-9384-4732-ADF5-7FA2747747C6}.AppStore|ARM.ActiveCfg = Release|Any CPU
		{363CB2E0-9384-4732-ADF5-7FA2747747C6}.AppStore|ARM.Build.0 = Release|Any CPU
		{363CB2E0-9384-4732-ADF5-7FA2747747C6}.AppStore|ARM.Deploy.0 = Release|Any CPU
		{363CB2E0-9384-4732-ADF5-7FA2747747C6}.AppStore|iPhone.ActiveCfg = Release|Any CPU
		{363CB2E0-9384-4732-ADF5-7FA2747747C6}.AppStore|iPhone.Build.0 = Release|Any CPU
		{363CB2E0-9384-4732-ADF5-7FA2747747C6}.AppStore|iPhone.Deploy.0 = Release|Any CPU
		{363CB2E0-9384-4732-ADF5-7FA2747747C6}.AppStore|iPhoneSimulator.ActiveCfg = Release|Any CPU
		{363CB2E0-9384-4732-ADF5-7FA2747747C6}.AppStore|iPhoneSimulator.Build.0 = Release|Any CPU
		{363CB2E0-9384-4732-ADF5-7FA2747747C6}.AppStore|iPhoneSimulator.Deploy.0 = Release|Any CPU
		{363CB2E0-9384-4732-ADF5-7FA2747747C6}.AppStore|x64.ActiveCfg = Release|Any CPU
		{363CB2E0-9384-4732-ADF5-7FA2747747C6}.AppStore|x64.Build.0 = Release|Any CPU
		{363CB2E0-9384-4732-ADF5-7FA2747747C6}.AppStore|x64.Deploy.0 = Release|Any CPU
		{363CB2E0-9384-4732-ADF5-7FA2747747C6}.AppStore|x86.ActiveCfg = Release|Any CPU
		{363CB2E0-9384-4732-ADF5-7FA2747747C6}.AppStore|x86.Build.0 = Release|Any CPU
		{363CB2E0-9384-4732-ADF5-7FA2747747C6}.AppStore|x86.Deploy.0 = Release|Any CPU
		{363CB2E0-9384-4732-ADF5-7FA2747747C6}.Debug|Any CPU.ActiveCfg = Debug|Any CPU
		{363CB2E0-9384-4732-ADF5-7FA2747747C6}.Debug|Any CPU.Build.0 = Debug|Any CPU
		{363CB2E0-9384-4732-ADF5-7FA2747747C6}.Debug|Any CPU.Deploy.0 = Debug|Any CPU
		{363CB2E0-9384-4732-ADF5-7FA2747747C6}.Debug|ARM.ActiveCfg = Debug|Any CPU
		{363CB2E0-9384-4732-ADF5-7FA2747747C6}.Debug|ARM.Build.0 = Debug|Any CPU
		{363CB2E0-9384-4732-ADF5-7FA2747747C6}.Debug|ARM.Deploy.0 = Debug|Any CPU
		{363CB2E0-9384-4732-ADF5-7FA2747747C6}.Debug|iPhone.ActiveCfg = Debug|Any CPU
		{363CB2E0-9384-4732-ADF5-7FA2747747C6}.Debug|iPhone.Build.0 = Debug|Any CPU
		{363CB2E0-9384-4732-ADF5-7FA2747747C6}.Debug|iPhone.Deploy.0 = Debug|Any CPU
		{363CB2E0-9384-4732-ADF5-7FA2747747C6}.Debug|iPhoneSimulator.ActiveCfg = Debug|Any CPU
		{363CB2E0-9384-4732-ADF5-7FA2747747C6}.Debug|iPhoneSimulator.Build.0 = Debug|Any CPU
		{363CB2E0-9384-4732-ADF5-7FA2747747C6}.Debug|iPhoneSimulator.Deploy.0 = Debug|Any CPU
		{363CB2E0-9384-4732-ADF5-7FA2747747C6}.Debug|x64.ActiveCfg = Debug|Any CPU
		{363CB2E0-9384-4732-ADF5-7FA2747747C6}.Debug|x64.Build.0 = Debug|Any CPU
		{363CB2E0-9384-4732-ADF5-7FA2747747C6}.Debug|x64.Deploy.0 = Debug|Any CPU
		{363CB2E0-9384-4732-ADF5-7FA2747747C6}.Debug|x86.ActiveCfg = Debug|Any CPU
		{363CB2E0-9384-4732-ADF5-7FA2747747C6}.Debug|x86.Build.0 = Debug|Any CPU
		{363CB2E0-9384-4732-ADF5-7FA2747747C6}.Debug|x86.Deploy.0 = Debug|Any CPU
		{363CB2E0-9384-4732-ADF5-7FA2747747C6}.Release|Any CPU.ActiveCfg = Release|Any CPU
		{363CB2E0-9384-4732-ADF5-7FA2747747C6}.Release|Any CPU.Build.0 = Release|Any CPU
		{363CB2E0-9384-4732-ADF5-7FA2747747C6}.Release|Any CPU.Deploy.0 = Release|Any CPU
		{363CB2E0-9384-4732-ADF5-7FA2747747C6}.Release|ARM.ActiveCfg = Release|Any CPU
		{363CB2E0-9384-4732-ADF5-7FA2747747C6}.Release|ARM.Build.0 = Release|Any CPU
		{363CB2E0-9384-4732-ADF5-7FA2747747C6}.Release|ARM.Deploy.0 = Release|Any CPU
		{363CB2E0-9384-4732-ADF5-7FA2747747C6}.Release|iPhone.ActiveCfg = Release|Any CPU
		{363CB2E0-9384-4732-ADF5-7FA2747747C6}.Release|iPhone.Build.0 = Release|Any CPU
		{363CB2E0-9384-4732-ADF5-7FA2747747C6}.Release|iPhone.Deploy.0 = Release|Any CPU
		{363CB2E0-9384-4732-ADF5-7FA2747747C6}.Release|iPhoneSimulator.ActiveCfg = Release|Any CPU
		{363CB2E0-9384-4732-ADF5-7FA2747747C6}.Release|iPhoneSimulator.Build.0 = Release|Any CPU
		{363CB2E0-9384-4732-ADF5-7FA2747747C6}.Release|iPhoneSimulator.Deploy.0 = Release|Any CPU
		{363CB2E0-9384-4732-ADF5-7FA2747747C6}.Release|x64.ActiveCfg = Release|Any CPU
		{363CB2E0-9384-4732-ADF5-7FA2747747C6}.Release|x64.Build.0 = Release|Any CPU
		{363CB2E0-9384-4732-ADF5-7FA2747747C6}.Release|x64.Deploy.0 = Release|Any CPU
		{363CB2E0-9384-4732-ADF5-7FA2747747C6}.Release|x86.ActiveCfg = Release|Any CPU
		{363CB2E0-9384-4732-ADF5-7FA2747747C6}.Release|x86.Build.0 = Release|Any CPU
		{363CB2E0-9384-4732-ADF5-7FA2747747C6}.Release|x86.Deploy.0 = Release|Any CPU
		{42BB4CB5-FB47-4D44-804E-752DB7FEF99E}.Ad-Hoc|Any CPU.ActiveCfg = Ad-Hoc|iPhone
		{42BB4CB5-FB47-4D44-804E-752DB7FEF99E}.Ad-Hoc|Any CPU.Build.0 = Ad-Hoc|iPhone
		{42BB4CB5-FB47-4D44-804E-752DB7FEF99E}.Ad-Hoc|Any CPU.Deploy.0 = Ad-Hoc|iPhone
		{42BB4CB5-FB47-4D44-804E-752DB7FEF99E}.Ad-Hoc|ARM.ActiveCfg = Ad-Hoc|iPhone
		{42BB4CB5-FB47-4D44-804E-752DB7FEF99E}.Ad-Hoc|ARM.Build.0 = Ad-Hoc|iPhone
		{42BB4CB5-FB47-4D44-804E-752DB7FEF99E}.Ad-Hoc|ARM.Deploy.0 = Ad-Hoc|iPhone
		{42BB4CB5-FB47-4D44-804E-752DB7FEF99E}.Ad-Hoc|iPhone.ActiveCfg = Ad-Hoc|iPhone
		{42BB4CB5-FB47-4D44-804E-752DB7FEF99E}.Ad-Hoc|iPhone.Build.0 = Ad-Hoc|iPhone
		{42BB4CB5-FB47-4D44-804E-752DB7FEF99E}.Ad-Hoc|iPhone.Deploy.0 = Ad-Hoc|iPhone
		{42BB4CB5-FB47-4D44-804E-752DB7FEF99E}.Ad-Hoc|iPhoneSimulator.ActiveCfg = Ad-Hoc|iPhoneSimulator
		{42BB4CB5-FB47-4D44-804E-752DB7FEF99E}.Ad-Hoc|iPhoneSimulator.Build.0 = Ad-Hoc|iPhoneSimulator
		{42BB4CB5-FB47-4D44-804E-752DB7FEF99E}.Ad-Hoc|iPhoneSimulator.Deploy.0 = Ad-Hoc|iPhoneSimulator
		{42BB4CB5-FB47-4D44-804E-752DB7FEF99E}.Ad-Hoc|x64.ActiveCfg = Ad-Hoc|iPhone
		{42BB4CB5-FB47-4D44-804E-752DB7FEF99E}.Ad-Hoc|x64.Build.0 = Ad-Hoc|iPhone
		{42BB4CB5-FB47-4D44-804E-752DB7FEF99E}.Ad-Hoc|x64.Deploy.0 = Ad-Hoc|iPhone
		{42BB4CB5-FB47-4D44-804E-752DB7FEF99E}.Ad-Hoc|x86.ActiveCfg = Ad-Hoc|iPhone
		{42BB4CB5-FB47-4D44-804E-752DB7FEF99E}.Ad-Hoc|x86.Build.0 = Ad-Hoc|iPhone
		{42BB4CB5-FB47-4D44-804E-752DB7FEF99E}.Ad-Hoc|x86.Deploy.0 = Ad-Hoc|iPhone
		{42BB4CB5-FB47-4D44-804E-752DB7FEF99E}.AppStore|Any CPU.ActiveCfg = AppStore|iPhone
		{42BB4CB5-FB47-4D44-804E-752DB7FEF99E}.AppStore|Any CPU.Build.0 = AppStore|iPhone
		{42BB4CB5-FB47-4D44-804E-752DB7FEF99E}.AppStore|Any CPU.Deploy.0 = AppStore|iPhone
		{42BB4CB5-FB47-4D44-804E-752DB7FEF99E}.AppStore|ARM.ActiveCfg = AppStore|iPhone
		{42BB4CB5-FB47-4D44-804E-752DB7FEF99E}.AppStore|ARM.Build.0 = AppStore|iPhone
		{42BB4CB5-FB47-4D44-804E-752DB7FEF99E}.AppStore|ARM.Deploy.0 = AppStore|iPhone
		{42BB4CB5-FB47-4D44-804E-752DB7FEF99E}.AppStore|iPhone.ActiveCfg = AppStore|iPhone
		{42BB4CB5-FB47-4D44-804E-752DB7FEF99E}.AppStore|iPhone.Build.0 = AppStore|iPhone
		{42BB4CB5-FB47-4D44-804E-752DB7FEF99E}.AppStore|iPhone.Deploy.0 = AppStore|iPhone
		{42BB4CB5-FB47-4D44-804E-752DB7FEF99E}.AppStore|iPhoneSimulator.ActiveCfg = AppStore|iPhoneSimulator
		{42BB4CB5-FB47-4D44-804E-752DB7FEF99E}.AppStore|iPhoneSimulator.Build.0 = AppStore|iPhoneSimulator
		{42BB4CB5-FB47-4D44-804E-752DB7FEF99E}.AppStore|iPhoneSimulator.Deploy.0 = AppStore|iPhoneSimulator
		{42BB4CB5-FB47-4D44-804E-752DB7FEF99E}.AppStore|x64.ActiveCfg = AppStore|iPhone
		{42BB4CB5-FB47-4D44-804E-752DB7FEF99E}.AppStore|x64.Build.0 = AppStore|iPhone
		{42BB4CB5-FB47-4D44-804E-752DB7FEF99E}.AppStore|x64.Deploy.0 = AppStore|iPhone
		{42BB4CB5-FB47-4D44-804E-752DB7FEF99E}.AppStore|x86.ActiveCfg = AppStore|iPhone
		{42BB4CB5-FB47-4D44-804E-752DB7FEF99E}.AppStore|x86.Build.0 = AppStore|iPhone
		{42BB4CB5-FB47-4D44-804E-752DB7FEF99E}.AppStore|x86.Deploy.0 = AppStore|iPhone
		{42BB4CB5-FB47-4D44-804E-752DB7FEF99E}.Debug|Any CPU.ActiveCfg = Debug|iPhoneSimulator
		{42BB4CB5-FB47-4D44-804E-752DB7FEF99E}.Debug|Any CPU.Build.0 = Debug|iPhoneSimulator
		{42BB4CB5-FB47-4D44-804E-752DB7FEF99E}.Debug|Any CPU.Deploy.0 = Debug|iPhoneSimulator
		{42BB4CB5-FB47-4D44-804E-752DB7FEF99E}.Debug|ARM.ActiveCfg = Debug|iPhone
		{42BB4CB5-FB47-4D44-804E-752DB7FEF99E}.Debug|ARM.Build.0 = Debug|iPhone
		{42BB4CB5-FB47-4D44-804E-752DB7FEF99E}.Debug|ARM.Deploy.0 = Debug|iPhone
		{42BB4CB5-FB47-4D44-804E-752DB7FEF99E}.Debug|iPhone.ActiveCfg = Debug|iPhone
		{42BB4CB5-FB47-4D44-804E-752DB7FEF99E}.Debug|iPhone.Build.0 = Debug|iPhone
		{42BB4CB5-FB47-4D44-804E-752DB7FEF99E}.Debug|iPhone.Deploy.0 = Debug|iPhone
		{42BB4CB5-FB47-4D44-804E-752DB7FEF99E}.Debug|iPhoneSimulator.ActiveCfg = Debug|iPhoneSimulator
		{42BB4CB5-FB47-4D44-804E-752DB7FEF99E}.Debug|iPhoneSimulator.Build.0 = Debug|iPhoneSimulator
		{42BB4CB5-FB47-4D44-804E-752DB7FEF99E}.Debug|iPhoneSimulator.Deploy.0 = Debug|iPhoneSimulator
		{42BB4CB5-FB47-4D44-804E-752DB7FEF99E}.Debug|x64.ActiveCfg = Debug|iPhone
		{42BB4CB5-FB47-4D44-804E-752DB7FEF99E}.Debug|x64.Build.0 = Debug|iPhone
		{42BB4CB5-FB47-4D44-804E-752DB7FEF99E}.Debug|x64.Deploy.0 = Debug|iPhone
		{42BB4CB5-FB47-4D44-804E-752DB7FEF99E}.Debug|x86.ActiveCfg = Debug|iPhone
		{42BB4CB5-FB47-4D44-804E-752DB7FEF99E}.Debug|x86.Build.0 = Debug|iPhone
		{42BB4CB5-FB47-4D44-804E-752DB7FEF99E}.Debug|x86.Deploy.0 = Debug|iPhone
		{42BB4CB5-FB47-4D44-804E-752DB7FEF99E}.Release|Any CPU.ActiveCfg = Release|iPhone
		{42BB4CB5-FB47-4D44-804E-752DB7FEF99E}.Release|Any CPU.Build.0 = Release|iPhone
		{42BB4CB5-FB47-4D44-804E-752DB7FEF99E}.Release|Any CPU.Deploy.0 = Release|iPhone
		{42BB4CB5-FB47-4D44-804E-752DB7FEF99E}.Release|ARM.ActiveCfg = Release|iPhone
		{42BB4CB5-FB47-4D44-804E-752DB7FEF99E}.Release|ARM.Build.0 = Release|iPhone
		{42BB4CB5-FB47-4D44-804E-752DB7FEF99E}.Release|ARM.Deploy.0 = Release|iPhone
		{42BB4CB5-FB47-4D44-804E-752DB7FEF99E}.Release|iPhone.ActiveCfg = Release|iPhone
		{42BB4CB5-FB47-4D44-804E-752DB7FEF99E}.Release|iPhone.Build.0 = Release|iPhone
		{42BB4CB5-FB47-4D44-804E-752DB7FEF99E}.Release|iPhone.Deploy.0 = Release|iPhone
		{42BB4CB5-FB47-4D44-804E-752DB7FEF99E}.Release|iPhoneSimulator.ActiveCfg = Release|iPhoneSimulator
		{42BB4CB5-FB47-4D44-804E-752DB7FEF99E}.Release|iPhoneSimulator.Build.0 = Release|iPhoneSimulator
		{42BB4CB5-FB47-4D44-804E-752DB7FEF99E}.Release|iPhoneSimulator.Deploy.0 = Release|iPhoneSimulator
		{42BB4CB5-FB47-4D44-804E-752DB7FEF99E}.Release|x64.ActiveCfg = Release|iPhone
		{42BB4CB5-FB47-4D44-804E-752DB7FEF99E}.Release|x64.Build.0 = Release|iPhone
		{42BB4CB5-FB47-4D44-804E-752DB7FEF99E}.Release|x64.Deploy.0 = Release|iPhone
		{42BB4CB5-FB47-4D44-804E-752DB7FEF99E}.Release|x86.ActiveCfg = Release|iPhone
		{42BB4CB5-FB47-4D44-804E-752DB7FEF99E}.Release|x86.Build.0 = Release|iPhone
		{42BB4CB5-FB47-4D44-804E-752DB7FEF99E}.Release|x86.Deploy.0 = Release|iPhone
		{F853AEEC-E107-40EA-BE10-C8785BE61659}.Ad-Hoc|Any CPU.ActiveCfg = Release|x86
		{F853AEEC-E107-40EA-BE10-C8785BE61659}.Ad-Hoc|Any CPU.Build.0 = Release|x86
		{F853AEEC-E107-40EA-BE10-C8785BE61659}.Ad-Hoc|Any CPU.Deploy.0 = Release|x86
		{F853AEEC-E107-40EA-BE10-C8785BE61659}.Ad-Hoc|ARM.ActiveCfg = Release|ARM
		{F853AEEC-E107-40EA-BE10-C8785BE61659}.Ad-Hoc|ARM.Build.0 = Release|ARM
		{F853AEEC-E107-40EA-BE10-C8785BE61659}.Ad-Hoc|ARM.Deploy.0 = Release|ARM
		{F853AEEC-E107-40EA-BE10-C8785BE61659}.Ad-Hoc|iPhone.ActiveCfg = Release|x86
		{F853AEEC-E107-40EA-BE10-C8785BE61659}.Ad-Hoc|iPhone.Build.0 = Release|x86
		{F853AEEC-E107-40EA-BE10-C8785BE61659}.Ad-Hoc|iPhone.Deploy.0 = Release|x86
		{F853AEEC-E107-40EA-BE10-C8785BE61659}.Ad-Hoc|iPhoneSimulator.ActiveCfg = Release|x86
		{F853AEEC-E107-40EA-BE10-C8785BE61659}.Ad-Hoc|iPhoneSimulator.Build.0 = Release|x86
		{F853AEEC-E107-40EA-BE10-C8785BE61659}.Ad-Hoc|iPhoneSimulator.Deploy.0 = Release|x86
		{F853AEEC-E107-40EA-BE10-C8785BE61659}.Ad-Hoc|x64.ActiveCfg = Release|x64
		{F853AEEC-E107-40EA-BE10-C8785BE61659}.Ad-Hoc|x64.Build.0 = Release|x64
		{F853AEEC-E107-40EA-BE10-C8785BE61659}.Ad-Hoc|x64.Deploy.0 = Release|x64
		{F853AEEC-E107-40EA-BE10-C8785BE61659}.Ad-Hoc|x86.ActiveCfg = Release|x86
		{F853AEEC-E107-40EA-BE10-C8785BE61659}.Ad-Hoc|x86.Build.0 = Release|x86
		{F853AEEC-E107-40EA-BE10-C8785BE61659}.Ad-Hoc|x86.Deploy.0 = Release|x86
		{F853AEEC-E107-40EA-BE10-C8785BE61659}.AppStore|Any CPU.ActiveCfg = Release|x86
		{F853AEEC-E107-40EA-BE10-C8785BE61659}.AppStore|Any CPU.Build.0 = Release|x86
		{F853AEEC-E107-40EA-BE10-C8785BE61659}.AppStore|Any CPU.Deploy.0 = Release|x86
		{F853AEEC-E107-40EA-BE10-C8785BE61659}.AppStore|ARM.ActiveCfg = Release|ARM
		{F853AEEC-E107-40EA-BE10-C8785BE61659}.AppStore|ARM.Build.0 = Release|ARM
		{F853AEEC-E107-40EA-BE10-C8785BE61659}.AppStore|ARM.Deploy.0 = Release|ARM
		{F853AEEC-E107-40EA-BE10-C8785BE61659}.AppStore|iPhone.ActiveCfg = Release|x86
		{F853AEEC-E107-40EA-BE10-C8785BE61659}.AppStore|iPhone.Build.0 = Release|x86
		{F853AEEC-E107-40EA-BE10-C8785BE61659}.AppStore|iPhone.Deploy.0 = Release|x86
		{F853AEEC-E107-40EA-BE10-C8785BE61659}.AppStore|iPhoneSimulator.ActiveCfg = Release|x86
		{F853AEEC-E107-40EA-BE10-C8785BE61659}.AppStore|iPhoneSimulator.Build.0 = Release|x86
		{F853AEEC-E107-40EA-BE10-C8785BE61659}.AppStore|iPhoneSimulator.Deploy.0 = Release|x86
		{F853AEEC-E107-40EA-BE10-C8785BE61659}.AppStore|x64.ActiveCfg = Release|x64
		{F853AEEC-E107-40EA-BE10-C8785BE61659}.AppStore|x64.Build.0 = Release|x64
		{F853AEEC-E107-40EA-BE10-C8785BE61659}.AppStore|x64.Deploy.0 = Release|x64
		{F853AEEC-E107-40EA-BE10-C8785BE61659}.AppStore|x86.ActiveCfg = Release|x86
		{F853AEEC-E107-40EA-BE10-C8785BE61659}.AppStore|x86.Build.0 = Release|x86
		{F853AEEC-E107-40EA-BE10-C8785BE61659}.AppStore|x86.Deploy.0 = Release|x86
		{F853AEEC-E107-40EA-BE10-C8785BE61659}.Debug|Any CPU.ActiveCfg = Debug|x86
		{F853AEEC-E107-40EA-BE10-C8785BE61659}.Debug|Any CPU.Build.0 = Debug|x86
		{F853AEEC-E107-40EA-BE10-C8785BE61659}.Debug|Any CPU.Deploy.0 = Debug|x86
		{F853AEEC-E107-40EA-BE10-C8785BE61659}.Debug|ARM.ActiveCfg = Debug|ARM
		{F853AEEC-E107-40EA-BE10-C8785BE61659}.Debug|ARM.Build.0 = Debug|ARM
		{F853AEEC-E107-40EA-BE10-C8785BE61659}.Debug|ARM.Deploy.0 = Debug|ARM
		{F853AEEC-E107-40EA-BE10-C8785BE61659}.Debug|iPhone.ActiveCfg = Debug|x86
		{F853AEEC-E107-40EA-BE10-C8785BE61659}.Debug|iPhone.Build.0 = Debug|x86
		{F853AEEC-E107-40EA-BE10-C8785BE61659}.Debug|iPhone.Deploy.0 = Debug|x86
		{F853AEEC-E107-40EA-BE10-C8785BE61659}.Debug|iPhoneSimulator.ActiveCfg = Debug|x86
		{F853AEEC-E107-40EA-BE10-C8785BE61659}.Debug|iPhoneSimulator.Build.0 = Debug|x86
		{F853AEEC-E107-40EA-BE10-C8785BE61659}.Debug|iPhoneSimulator.Deploy.0 = Debug|x86
		{F853AEEC-E107-40EA-BE10-C8785BE61659}.Debug|x64.ActiveCfg = Debug|x64
		{F853AEEC-E107-40EA-BE10-C8785BE61659}.Debug|x64.Build.0 = Debug|x64
		{F853AEEC-E107-40EA-BE10-C8785BE61659}.Debug|x64.Deploy.0 = Debug|x64
		{F853AEEC-E107-40EA-BE10-C8785BE61659}.Debug|x86.ActiveCfg = Debug|x86
		{F853AEEC-E107-40EA-BE10-C8785BE61659}.Debug|x86.Build.0 = Debug|x86
		{F853AEEC-E107-40EA-BE10-C8785BE61659}.Debug|x86.Deploy.0 = Debug|x86
		{F853AEEC-E107-40EA-BE10-C8785BE61659}.Release|Any CPU.ActiveCfg = Release|x86
		{F853AEEC-E107-40EA-BE10-C8785BE61659}.Release|Any CPU.Build.0 = Release|x86
		{F853AEEC-E107-40EA-BE10-C8785BE61659}.Release|Any CPU.Deploy.0 = Release|x86
		{F853AEEC-E107-40EA-BE10-C8785BE61659}.Release|ARM.ActiveCfg = Release|ARM
		{F853AEEC-E107-40EA-BE10-C8785BE61659}.Release|ARM.Build.0 = Release|ARM
		{F853AEEC-E107-40EA-BE10-C8785BE61659}.Release|ARM.Deploy.0 = Release|ARM
		{F853AEEC-E107-40EA-BE10-C8785BE61659}.Release|iPhone.ActiveCfg = Release|x86
		{F853AEEC-E107-40EA-BE10-C8785BE61659}.Release|iPhone.Build.0 = Release|x86
		{F853AEEC-E107-40EA-BE10-C8785BE61659}.Release|iPhone.Deploy.0 = Release|x86
		{F853AEEC-E107-40EA-BE10-C8785BE61659}.Release|iPhoneSimulator.ActiveCfg = Release|x86
		{F853AEEC-E107-40EA-BE10-C8785BE61659}.Release|iPhoneSimulator.Build.0 = Release|x86
		{F853AEEC-E107-40EA-BE10-C8785BE61659}.Release|iPhoneSimulator.Deploy.0 = Release|x86
		{F853AEEC-E107-40EA-BE10-C8785BE61659}.Release|x64.ActiveCfg = Release|x64
		{F853AEEC-E107-40EA-BE10-C8785BE61659}.Release|x64.Build.0 = Release|x64
		{F853AEEC-E107-40EA-BE10-C8785BE61659}.Release|x64.Deploy.0 = Release|x64
		{F853AEEC-E107-40EA-BE10-C8785BE61659}.Release|x86.ActiveCfg = Release|x86
		{F853AEEC-E107-40EA-BE10-C8785BE61659}.Release|x86.Build.0 = Release|x86
		{F853AEEC-E107-40EA-BE10-C8785BE61659}.Release|x86.Deploy.0 = Release|x86
		{EB6923BA-02A6-4B56-9EB6-EFCB65C55A7D}.Ad-Hoc|Any CPU.ActiveCfg = Debug|Any CPU
		{EB6923BA-02A6-4B56-9EB6-EFCB65C55A7D}.Ad-Hoc|Any CPU.Build.0 = Debug|Any CPU
		{EB6923BA-02A6-4B56-9EB6-EFCB65C55A7D}.Ad-Hoc|Any CPU.Deploy.0 = Debug|Any CPU
		{EB6923BA-02A6-4B56-9EB6-EFCB65C55A7D}.Ad-Hoc|ARM.ActiveCfg = Debug|Any CPU
		{EB6923BA-02A6-4B56-9EB6-EFCB65C55A7D}.Ad-Hoc|ARM.Build.0 = Debug|Any CPU
		{EB6923BA-02A6-4B56-9EB6-EFCB65C55A7D}.Ad-Hoc|ARM.Deploy.0 = Debug|Any CPU
		{EB6923BA-02A6-4B56-9EB6-EFCB65C55A7D}.Ad-Hoc|iPhone.ActiveCfg = Debug|Any CPU
		{EB6923BA-02A6-4B56-9EB6-EFCB65C55A7D}.Ad-Hoc|iPhone.Build.0 = Debug|Any CPU
		{EB6923BA-02A6-4B56-9EB6-EFCB65C55A7D}.Ad-Hoc|iPhone.Deploy.0 = Debug|Any CPU
		{EB6923BA-02A6-4B56-9EB6-EFCB65C55A7D}.Ad-Hoc|iPhoneSimulator.ActiveCfg = Debug|Any CPU
		{EB6923BA-02A6-4B56-9EB6-EFCB65C55A7D}.Ad-Hoc|iPhoneSimulator.Build.0 = Debug|Any CPU
		{EB6923BA-02A6-4B56-9EB6-EFCB65C55A7D}.Ad-Hoc|iPhoneSimulator.Deploy.0 = Debug|Any CPU
		{EB6923BA-02A6-4B56-9EB6-EFCB65C55A7D}.Ad-Hoc|x64.ActiveCfg = Debug|Any CPU
		{EB6923BA-02A6-4B56-9EB6-EFCB65C55A7D}.Ad-Hoc|x64.Build.0 = Debug|Any CPU
		{EB6923BA-02A6-4B56-9EB6-EFCB65C55A7D}.Ad-Hoc|x64.Deploy.0 = Debug|Any CPU
		{EB6923BA-02A6-4B56-9EB6-EFCB65C55A7D}.Ad-Hoc|x86.ActiveCfg = Debug|Any CPU
		{EB6923BA-02A6-4B56-9EB6-EFCB65C55A7D}.Ad-Hoc|x86.Build.0 = Debug|Any CPU
		{EB6923BA-02A6-4B56-9EB6-EFCB65C55A7D}.Ad-Hoc|x86.Deploy.0 = Debug|Any CPU
		{EB6923BA-02A6-4B56-9EB6-EFCB65C55A7D}.AppStore|Any CPU.ActiveCfg = Debug|Any CPU
		{EB6923BA-02A6-4B56-9EB6-EFCB65C55A7D}.AppStore|Any CPU.Build.0 = Debug|Any CPU
		{EB6923BA-02A6-4B56-9EB6-EFCB65C55A7D}.AppStore|Any CPU.Deploy.0 = Debug|Any CPU
		{EB6923BA-02A6-4B56-9EB6-EFCB65C55A7D}.AppStore|ARM.ActiveCfg = Debug|Any CPU
		{EB6923BA-02A6-4B56-9EB6-EFCB65C55A7D}.AppStore|ARM.Build.0 = Debug|Any CPU
		{EB6923BA-02A6-4B56-9EB6-EFCB65C55A7D}.AppStore|ARM.Deploy.0 = Debug|Any CPU
		{EB6923BA-02A6-4B56-9EB6-EFCB65C55A7D}.AppStore|iPhone.ActiveCfg = Debug|Any CPU
		{EB6923BA-02A6-4B56-9EB6-EFCB65C55A7D}.AppStore|iPhone.Build.0 = Debug|Any CPU
		{EB6923BA-02A6-4B56-9EB6-EFCB65C55A7D}.AppStore|iPhone.Deploy.0 = Debug|Any CPU
		{EB6923BA-02A6-4B56-9EB6-EFCB65C55A7D}.AppStore|iPhoneSimulator.ActiveCfg = Debug|Any CPU
		{EB6923BA-02A6-4B56-9EB6-EFCB65C55A7D}.AppStore|iPhoneSimulator.Build.0 = Debug|Any CPU
		{EB6923BA-02A6-4B56-9EB6-EFCB65C55A7D}.AppStore|iPhoneSimulator.Deploy.0 = Debug|Any CPU
		{EB6923BA-02A6-4B56-9EB6-EFCB65C55A7D}.AppStore|x64.ActiveCfg = Debug|Any CPU
		{EB6923BA-02A6-4B56-9EB6-EFCB65C55A7D}.AppStore|x64.Build.0 = Debug|Any CPU
		{EB6923BA-02A6-4B56-9EB6-EFCB65C55A7D}.AppStore|x64.Deploy.0 = Debug|Any CPU
		{EB6923BA-02A6-4B56-9EB6-EFCB65C55A7D}.AppStore|x86.ActiveCfg = Debug|Any CPU
		{EB6923BA-02A6-4B56-9EB6-EFCB65C55A7D}.AppStore|x86.Build.0 = Debug|Any CPU
		{EB6923BA-02A6-4B56-9EB6-EFCB65C55A7D}.AppStore|x86.Deploy.0 = Debug|Any CPU
		{EB6923BA-02A6-4B56-9EB6-EFCB65C55A7D}.Debug|Any CPU.ActiveCfg = Debug|Any CPU
		{EB6923BA-02A6-4B56-9EB6-EFCB65C55A7D}.Debug|Any CPU.Build.0 = Debug|Any CPU
		{EB6923BA-02A6-4B56-9EB6-EFCB65C55A7D}.Debug|Any CPU.Deploy.0 = Debug|Any CPU
		{EB6923BA-02A6-4B56-9EB6-EFCB65C55A7D}.Debug|ARM.ActiveCfg = Debug|Any CPU
		{EB6923BA-02A6-4B56-9EB6-EFCB65C55A7D}.Debug|ARM.Build.0 = Debug|Any CPU
		{EB6923BA-02A6-4B56-9EB6-EFCB65C55A7D}.Debug|ARM.Deploy.0 = Debug|Any CPU
		{EB6923BA-02A6-4B56-9EB6-EFCB65C55A7D}.Debug|iPhone.ActiveCfg = Debug|Any CPU
		{EB6923BA-02A6-4B56-9EB6-EFCB65C55A7D}.Debug|iPhone.Build.0 = Debug|Any CPU
		{EB6923BA-02A6-4B56-9EB6-EFCB65C55A7D}.Debug|iPhone.Deploy.0 = Debug|Any CPU
		{EB6923BA-02A6-4B56-9EB6-EFCB65C55A7D}.Debug|iPhoneSimulator.ActiveCfg = Debug|Any CPU
		{EB6923BA-02A6-4B56-9EB6-EFCB65C55A7D}.Debug|iPhoneSimulator.Build.0 = Debug|Any CPU
		{EB6923BA-02A6-4B56-9EB6-EFCB65C55A7D}.Debug|iPhoneSimulator.Deploy.0 = Debug|Any CPU
		{EB6923BA-02A6-4B56-9EB6-EFCB65C55A7D}.Debug|x64.ActiveCfg = Debug|Any CPU
		{EB6923BA-02A6-4B56-9EB6-EFCB65C55A7D}.Debug|x64.Build.0 = Debug|Any CPU
		{EB6923BA-02A6-4B56-9EB6-EFCB65C55A7D}.Debug|x64.Deploy.0 = Debug|Any CPU
		{EB6923BA-02A6-4B56-9EB6-EFCB65C55A7D}.Debug|x86.ActiveCfg = Debug|Any CPU
		{EB6923BA-02A6-4B56-9EB6-EFCB65C55A7D}.Debug|x86.Build.0 = Debug|Any CPU
		{EB6923BA-02A6-4B56-9EB6-EFCB65C55A7D}.Debug|x86.Deploy.0 = Debug|Any CPU
		{EB6923BA-02A6-4B56-9EB6-EFCB65C55A7D}.Release|Any CPU.ActiveCfg = Release|Any CPU
		{EB6923BA-02A6-4B56-9EB6-EFCB65C55A7D}.Release|Any CPU.Build.0 = Release|Any CPU
		{EB6923BA-02A6-4B56-9EB6-EFCB65C55A7D}.Release|Any CPU.Deploy.0 = Release|Any CPU
		{EB6923BA-02A6-4B56-9EB6-EFCB65C55A7D}.Release|ARM.ActiveCfg = Release|Any CPU
		{EB6923BA-02A6-4B56-9EB6-EFCB65C55A7D}.Release|ARM.Build.0 = Release|Any CPU
		{EB6923BA-02A6-4B56-9EB6-EFCB65C55A7D}.Release|ARM.Deploy.0 = Release|Any CPU
		{EB6923BA-02A6-4B56-9EB6-EFCB65C55A7D}.Release|iPhone.ActiveCfg = Release|Any CPU
		{EB6923BA-02A6-4B56-9EB6-EFCB65C55A7D}.Release|iPhone.Build.0 = Release|Any CPU
		{EB6923BA-02A6-4B56-9EB6-EFCB65C55A7D}.Release|iPhone.Deploy.0 = Release|Any CPU
		{EB6923BA-02A6-4B56-9EB6-EFCB65C55A7D}.Release|iPhoneSimulator.ActiveCfg = Release|Any CPU
		{EB6923BA-02A6-4B56-9EB6-EFCB65C55A7D}.Release|iPhoneSimulator.Build.0 = Release|Any CPU
		{EB6923BA-02A6-4B56-9EB6-EFCB65C55A7D}.Release|iPhoneSimulator.Deploy.0 = Release|Any CPU
		{EB6923BA-02A6-4B56-9EB6-EFCB65C55A7D}.Release|x64.ActiveCfg = Release|Any CPU
		{EB6923BA-02A6-4B56-9EB6-EFCB65C55A7D}.Release|x64.Build.0 = Release|Any CPU
		{EB6923BA-02A6-4B56-9EB6-EFCB65C55A7D}.Release|x64.Deploy.0 = Release|Any CPU
		{EB6923BA-02A6-4B56-9EB6-EFCB65C55A7D}.Release|x86.ActiveCfg = Release|Any CPU
		{EB6923BA-02A6-4B56-9EB6-EFCB65C55A7D}.Release|x86.Build.0 = Release|Any CPU
		{EB6923BA-02A6-4B56-9EB6-EFCB65C55A7D}.Release|x86.Deploy.0 = Release|Any CPU
	EndGlobalSection
	GlobalSection(SolutionProperties) = preSolution
		HideSolutionNode = FALSE
	EndGlobalSection
	GlobalSection(ExtensibilityGlobals) = postSolution
		SolutionGuid = {4A49AEA8-B6F5-4E0F-B8E9-980B71352816}
	EndGlobalSection
EndGlobal
